
Microsoft Visual Studio Solution File, Format Version 12.00
# Visual Studio Version 16
VisualStudioVersion = 16.0.810.8
MinimumVisualStudioVersion = 10.0.40219.1
Project("{FAE04EC0-301F-11D3-BF4B-00C04F79EFBC}") = "ImageManipulator", "ImageManipulator\ImageManipulator.csproj", "{D519B964-8E5D-4D63-A3E7-59D928932CED}"
EndProject
Project("{FAE04EC0-301F-11D3-BF4B-00C04F79EFBC}") = "ImageTools.Shared", "ImageTools.Shared\ImageTools.Shared.csproj", "{BDD0EC10-8075-46B9-8BFC-3D3853BF987E}"
EndProject
Project("{2150E333-8FDC-42A3-9474-1A3956D46DE8}") = "Solution Items", "Solution Items", "{C34A2A01-FC82-444F-BE4D-94D5EAB8396A}"
ProjectSection(SolutionItems) = preProject
	README.md = README.md
EndProjectSection
EndProject
Project("{FAE04EC0-301F-11D3-BF4B-00C04F79EFBC}") = "ImageManipulator.Avalonia", "ImageManipulator.Avalonia\ImageManipulator.Avalonia.csproj", "{DE209C25-98D4-4A09-9BA4-192DB6EAD928}"
EndProject
Project("{FAE04EC0-301F-11D3-BF4B-00C04F79EFBC}") = "ImageTools.Core", "ImageTools.Core\ImageTools.Core.csproj", "{0DC1781D-C4B0-4962-9485-83CFDEA9D020}"
EndProject
Global
	GlobalSection(SolutionConfigurationPlatforms) = preSolution
		Debug|Any CPU = Debug|Any CPU
		Release|Any CPU = Release|Any CPU
	EndGlobalSection
	GlobalSection(ProjectConfigurationPlatforms) = postSolution
		{D519B964-8E5D-4D63-A3E7-59D928932CED}.Debug|Any CPU.ActiveCfg = Debug|Any CPU
		{D519B964-8E5D-4D63-A3E7-59D928932CED}.Debug|Any CPU.Build.0 = Debug|Any CPU
		{D519B964-8E5D-4D63-A3E7-59D928932CED}.Release|Any CPU.ActiveCfg = Release|Any CPU
		{D519B964-8E5D-4D63-A3E7-59D928932CED}.Release|Any CPU.Build.0 = Release|Any CPU
		{BDD0EC10-8075-46B9-8BFC-3D3853BF987E}.Debug|Any CPU.ActiveCfg = Debug|Any CPU
		{BDD0EC10-8075-46B9-8BFC-3D3853BF987E}.Debug|Any CPU.Build.0 = Debug|Any CPU
		{BDD0EC10-8075-46B9-8BFC-3D3853BF987E}.Release|Any CPU.ActiveCfg = Release|Any CPU
		{BDD0EC10-8075-46B9-8BFC-3D3853BF987E}.Release|Any CPU.Build.0 = Release|Any CPU
		{DE209C25-98D4-4A09-9BA4-192DB6EAD928}.Debug|Any CPU.ActiveCfg = Debug|Any CPU
		{DE209C25-98D4-4A09-9BA4-192DB6EAD928}.Debug|Any CPU.Build.0 = Debug|Any CPU
		{DE209C25-98D4-4A09-9BA4-192DB6EAD928}.Release|Any CPU.ActiveCfg = Release|Any CPU
		{DE209C25-98D4-4A09-9BA4-192DB6EAD928}.Release|Any CPU.Build.0 = Release|Any CPU
		{0DC1781D-C4B0-4962-9485-83CFDEA9D020}.Debug|Any CPU.ActiveCfg = Debug|Any CPU
		{0DC1781D-C4B0-4962-9485-83CFDEA9D020}.Debug|Any CPU.Build.0 = Debug|Any CPU
		{0DC1781D-C4B0-4962-9485-83CFDEA9D020}.Release|Any CPU.ActiveCfg = Release|Any CPU
		{0DC1781D-C4B0-4962-9485-83CFDEA9D020}.Release|Any CPU.Build.0 = Release|Any CPU
	EndGlobalSection
	GlobalSection(SolutionProperties) = preSolution
		HideSolutionNode = FALSE
	EndGlobalSection
	GlobalSection(ExtensibilityGlobals) = postSolution
		SolutionGuid = {507ED046-3D0F-4313-B120-F9EF9E9D06A1}
	EndGlobalSection
EndGlobal
